
Microsoft Visual Studio Solution File, Format Version 12.00
# Visual Studio Version 17
VisualStudioVersion = 17.8.34330.188
MinimumVisualStudioVersion = 10.0.40219.1
Project("{FAE04EC0-301F-11D3-BF4B-00C04F79EFBC}") = "PhotoHistory", "PhotoHistory\PhotoHistory.csproj", "{EDFC2281-91BC-48F8-A295-13E447FFC6CB}"
EndProject
Global
	GlobalSection(SolutionConfigurationPlatforms) = preSolution
		Debug|Any CPU = Debug|Any CPU
		Release|Any CPU = Release|Any CPU
	EndGlobalSection
	GlobalSection(ProjectConfigurationPlatforms) = postSolution
		{EDFC2281-91BC-48F8-A295-13E447FFC6CB}.Debug|Any CPU.ActiveCfg = Debug|Any CPU
		{EDFC2281-91BC-48F8-A295-13E447FFC6CB}.Debug|Any CPU.Build.0 = Debug|Any CPU
		{EDFC2281-91BC-48F8-A295-13E447FFC6CB}.Release|Any CPU.ActiveCfg = Release|Any CPU
		{EDFC2281-91BC-48F8-A295-13E447FFC6CB}.Release|Any CPU.Build.0 = Release|Any CPU
	EndGlobalSection
	GlobalSection(SolutionProperties) = preSolution
		HideSolutionNode = FALSE
	EndGlobalSection
	GlobalSection(ExtensibilityGlobals) = postSolution
		SolutionGuid = {DC503376-4973-4EE7-8008-EA7EA800826B}
	EndGlobalSection
EndGlobal
